
Microsoft Visual Studio Solution File, Format Version 12.00
# Visual Studio Version 17
VisualStudioVersion = 17.9.34728.123
MinimumVisualStudioVersion = 10.0.40219.1
Project("{FAE04EC0-301F-11D3-BF4B-00C04F79EFBC}") = "Sue.Engine", "Sue.Engine\Sue.Engine.csproj", "{FC2D6ECA-06C7-4490-90BA-322360E656B0}"
EndProject
Project("{FAE04EC0-301F-11D3-BF4B-00C04F79EFBC}") = "Sue.Engine.UnitTests", "Sue.Engine.UnitTests\Sue.Engine.UnitTests.csproj", "{629751BD-BA76-4207-AF4F-48B943C556F5}"
EndProject
Global
	GlobalSection(SolutionConfigurationPlatforms) = preSolution
		Debug|Any CPU = Debug|Any CPU
		Release|Any CPU = Release|Any CPU
	EndGlobalSection
	GlobalSection(ProjectConfigurationPlatforms) = postSolution
		{FC2D6ECA-06C7-4490-90BA-322360E656B0}.Debug|Any CPU.ActiveCfg = Debug|Any CPU
		{FC2D6ECA-06C7-4490-90BA-322360E656B0}.Debug|Any CPU.Build.0 = Debug|Any CPU
		{FC2D6ECA-06C7-4490-90BA-322360E656B0}.Release|Any CPU.ActiveCfg = Release|Any CPU
		{FC2D6ECA-06C7-4490-90BA-322360E656B0}.Release|Any CPU.Build.0 = Release|Any CPU
		{629751BD-BA76-4207-AF4F-48B943C556F5}.Debug|Any CPU.ActiveCfg = Debug|Any CPU
		{629751BD-BA76-4207-AF4F-48B943C556F5}.Debug|Any CPU.Build.0 = Debug|Any CPU
		{629751BD-BA76-4207-AF4F-48B943C556F5}.Release|Any CPU.ActiveCfg = Release|Any CPU
		{629751BD-BA76-4207-AF4F-48B943C556F5}.Release|Any CPU.Build.0 = Release|Any CPU
	EndGlobalSection
	GlobalSection(SolutionProperties) = preSolution
		HideSolutionNode = FALSE
	EndGlobalSection
	GlobalSection(ExtensibilityGlobals) = postSolution
		SolutionGuid = {717574CE-23F5-4D2D-B726-D02073B25E9D}
	EndGlobalSection
EndGlobal
